
Microsoft Visual Studio Solution File, Format Version 12.00
# Visual Studio Version 17
VisualStudioVersion = 17.5.33502.453
MinimumVisualStudioVersion = 10.0.40219.1
Project("{FAE04EC0-301F-11D3-BF4B-00C04F79EFBC}") = "NumeroMaluco", "NumeroMaluco.csproj", "{3723E84A-78DC-4CD9-8ECB-ABB6E8012BF4}"
EndProject
Global
	GlobalSection(SolutionConfigurationPlatforms) = preSolution
		Debug|Any CPU = Debug|Any CPU
		Release|Any CPU = Release|Any CPU
	EndGlobalSection
	GlobalSection(ProjectConfigurationPlatforms) = postSolution
		{3723E84A-78DC-4CD9-8ECB-ABB6E8012BF4}.Debug|Any CPU.ActiveCfg = Debug|Any CPU
		{3723E84A-78DC-4CD9-8ECB-ABB6E8012BF4}.Debug|Any CPU.Build.0 = Debug|Any CPU
		{3723E84A-78DC-4CD9-8ECB-ABB6E8012BF4}.Release|Any CPU.ActiveCfg = Release|Any CPU
		{3723E84A-78DC-4CD9-8ECB-ABB6E8012BF4}.Release|Any CPU.Build.0 = Release|Any CPU
	EndGlobalSection
	GlobalSection(SolutionProperties) = preSolution
		HideSolutionNode = FALSE
	EndGlobalSection
	GlobalSection(ExtensibilityGlobals) = postSolution
		SolutionGuid = {60A71034-D913-46F6-B59D-6108D0FCE43F}
	EndGlobalSection
EndGlobal
